
Microsoft Visual Studio Solution File, Format Version 12.00
# Visual Studio 15
VisualStudioVersion = 15.0.27703.2047
MinimumVisualStudioVersion = 10.0.40219.1
Project("{FAE04EC0-301F-11D3-BF4B-00C04F79EFBC}") = "DataAccess", "DataAccess\DataAccess.csproj", "{A5D872D2-55BD-4BB7-B15B-1BC18FBCA0C4}"
EndProject
Project("{FAE04EC0-301F-11D3-BF4B-00C04F79EFBC}") = "Business", "Business\Business.csproj", "{CC27414C-94E3-4630-9038-9FCE79738DF1}"
EndProject
Project("{FAE04EC0-301F-11D3-BF4B-00C04F79EFBC}") = "Entities", "Entities\Entities.csproj", "{05022EB0-32FF-44C2-A5F3-215B72240F18}"
EndProject
Project("{FAE04EC0-301F-11D3-BF4B-00C04F79EFBC}") = "ConsoleUI", "ConsoleUI\ConsoleUI.csproj", "{B3A0FEB4-2A48-4DC2-9B8E-54A953117FA0}"
EndProject
Global
	GlobalSection(SolutionConfigurationPlatforms) = preSolution
		Debug|Any CPU = Debug|Any CPU
		Release|Any CPU = Release|Any CPU
	EndGlobalSection
	GlobalSection(ProjectConfigurationPlatforms) = postSolution
		{A5D872D2-55BD-4BB7-B15B-1BC18FBCA0C4}.Debug|Any CPU.ActiveCfg = Debug|Any CPU
		{A5D872D2-55BD-4BB7-B15B-1BC18FBCA0C4}.Debug|Any CPU.Build.0 = Debug|Any CPU
		{A5D872D2-55BD-4BB7-B15B-1BC18FBCA0C4}.Release|Any CPU.ActiveCfg = Release|Any CPU
		{A5D872D2-55BD-4BB7-B15B-1BC18FBCA0C4}.Release|Any CPU.Build.0 = Release|Any CPU
		{CC27414C-94E3-4630-9038-9FCE79738DF1}.Debug|Any CPU.ActiveCfg = Debug|Any CPU
		{CC27414C-94E3-4630-9038-9FCE79738DF1}.Debug|Any CPU.Build.0 = Debug|Any CPU
		{CC27414C-94E3-4630-9038-9FCE79738DF1}.Release|Any CPU.ActiveCfg = Release|Any CPU
		{CC27414C-94E3-4630-9038-9FCE79738DF1}.Release|Any CPU.Build.0 = Release|Any CPU
		{05022EB0-32FF-44C2-A5F3-215B72240F18}.Debug|Any CPU.ActiveCfg = Debug|Any CPU
		{05022EB0-32FF-44C2-A5F3-215B72240F18}.Debug|Any CPU.Build.0 = Debug|Any CPU
		{05022EB0-32FF-44C2-A5F3-215B72240F18}.Release|Any CPU.ActiveCfg = Release|Any CPU
		{05022EB0-32FF-44C2-A5F3-215B72240F18}.Release|Any CPU.Build.0 = Release|Any CPU
		{B3A0FEB4-2A48-4DC2-9B8E-54A953117FA0}.Debug|Any CPU.ActiveCfg = Debug|Any CPU
		{B3A0FEB4-2A48-4DC2-9B8E-54A953117FA0}.Debug|Any CPU.Build.0 = Debug|Any CPU
		{B3A0FEB4-2A48-4DC2-9B8E-54A953117FA0}.Release|Any CPU.ActiveCfg = Release|Any CPU
		{B3A0FEB4-2A48-4DC2-9B8E-54A953117FA0}.Release|Any CPU.Build.0 = Release|Any CPU
	EndGlobalSection
	GlobalSection(SolutionProperties) = preSolution
		HideSolutionNode = FALSE
	EndGlobalSection
	GlobalSection(ExtensibilityGlobals) = postSolution
		SolutionGuid = {29792CC7-7C48-4F9E-BB85-03AA1FB5A71D}
	EndGlobalSection
EndGlobal
